// !$*UTF8*$!
{
	archiveVersion = 1;
	classes = {
	};
	objectVersion = 56;
	objects = {

/* Begin PBXBuildFile section */
		B72530042D1AB8EF00B80F54 /* SwiggyCloneApp.swift in Sources */ = {isa = PBXBuildFile; fileRef = B72530032D1AB8EF00B80F54 /* SwiggyCloneApp.swift */; };
		B72530062D1AB8EF00B80F54 /* ContentView.swift in Sources */ = {isa = PBXBuildFile; fileRef = B72530052D1AB8EF00B80F54 /* ContentView.swift */; };
		B72530082D1AB8F200B80F54 /* Assets.xcassets in Resources */ = {isa = PBXBuildFile; fileRef = B72530072D1AB8F200B80F54 /* Assets.xcassets */; };
		B725300B2D1AB8F200B80F54 /* Preview Assets.xcassets in Resources */ = {isa = PBXBuildFile; fileRef = B725300A2D1AB8F200B80F54 /* Preview Assets.xcassets */; };
		B725301B2D1ABDF600B80F54 /* Color.swift in Sources */ = {isa = PBXBuildFile; fileRef = B725301A2D1ABDF600B80F54 /* Color.swift */; };
		B725301D2D1ABF3700B80F54 /* HomeView.swift in Sources */ = {isa = PBXBuildFile; fileRef = B725301C2D1ABF3700B80F54 /* HomeView.swift */; };
		B725301F2D1AE64900B80F54 /* SearchBarView.swift in Sources */ = {isa = PBXBuildFile; fileRef = B725301E2D1AE64900B80F54 /* SearchBarView.swift */; };
		B72530212D1B0AAC00B80F54 /* TabWidgetView.swift in Sources */ = {isa = PBXBuildFile; fileRef = B72530202D1B0AAC00B80F54 /* TabWidgetView.swift */; };
		B72530232D1B0D6500B80F54 /* CategoryCell.swift in Sources */ = {isa = PBXBuildFile; fileRef = B72530222D1B0D6400B80F54 /* CategoryCell.swift */; };
		B72530252D1B1F1900B80F54 /* AccountScreen.swift in Sources */ = {isa = PBXBuildFile; fileRef = B72530242D1B1F1900B80F54 /* AccountScreen.swift */; };
		B72530272D1B32E400B80F54 /* imageCarouselView.swift in Sources */ = {isa = PBXBuildFile; fileRef = B72530262D1B32E400B80F54 /* imageCarouselView.swift */; };
		B72530292D1B3D2100B80F54 /* restroMockJson.json in Resources */ = {isa = PBXBuildFile; fileRef = B72530282D1B3D2100B80F54 /* restroMockJson.json */; };
		B725302E2D1B4B9500B80F54 /* Restaurant.swift in Sources */ = {isa = PBXBuildFile; fileRef = B725302D2D1B4B9500B80F54 /* Restaurant.swift */; };
		B72530302D1B4B9B00B80F54 /* Menu.swift in Sources */ = {isa = PBXBuildFile; fileRef = B725302F2D1B4B9B00B80F54 /* Menu.swift */; };
		B72530322D1B509E00B80F54 /* HomeViewModel.swift in Sources */ = {isa = PBXBuildFile; fileRef = B72530312D1B509E00B80F54 /* HomeViewModel.swift */; };
		B72530342D1B666300B80F54 /* menuJson.json in Resources */ = {isa = PBXBuildFile; fileRef = B72530332D1B666300B80F54 /* menuJson.json */; };
		B72530362D1B77C900B80F54 /* RestaurantCellView.swift in Sources */ = {isa = PBXBuildFile; fileRef = B72530352D1B77C900B80F54 /* RestaurantCellView.swift */; };
		B72530382D1BE1B400B80F54 /* SkeletonRestaurantCellView.swift in Sources */ = {isa = PBXBuildFile; fileRef = B72530372D1BE1B400B80F54 /* SkeletonRestaurantCellView.swift */; };
		B73BAB2F2D1BF09D00BEF879 /* RestaurantDetailView.swift in Sources */ = {isa = PBXBuildFile; fileRef = B73BAB2E2D1BF09C00BEF879 /* RestaurantDetailView.swift */; };
		B73BAB312D1C2AD600BEF879 /* menuItemCell.swift in Sources */ = {isa = PBXBuildFile; fileRef = B73BAB302D1C2AD600BEF879 /* menuItemCell.swift */; };
		B73BAB332D1C424B00BEF879 /* SkeletonCategoryCellView.swift in Sources */ = {isa = PBXBuildFile; fileRef = B73BAB322D1C424B00BEF879 /* SkeletonCategoryCellView.swift */; };
		B73BAB352D1C42E600BEF879 /* FoodCategoryCell.swift in Sources */ = {isa = PBXBuildFile; fileRef = B73BAB342D1C42E600BEF879 /* FoodCategoryCell.swift */; };
		B73BAB372D1C44A100BEF879 /* StickyModifier.swift in Sources */ = {isa = PBXBuildFile; fileRef = B73BAB362D1C44A100BEF879 /* StickyModifier.swift */; };
		B73BAB3D2D1C516F00BEF879 /* backButtonLabel.swift in Sources */ = {isa = PBXBuildFile; fileRef = B73BAB3C2D1C516F00BEF879 /* backButtonLabel.swift */; };
/* End PBXBuildFile section */

/* Begin PBXFileReference section */
		B72530002D1AB8EF00B80F54 /* SwiggyClone.app */ = {isa = PBXFileReference; explicitFileType = wrapper.application; includeInIndex = 0; path = SwiggyClone.app; sourceTree = BUILT_PRODUCTS_DIR; };
		B72530032D1AB8EF00B80F54 /* SwiggyCloneApp.swift */ = {isa = PBXFileReference; lastKnownFileType = sourcecode.swift; path = SwiggyCloneApp.swift; sourceTree = "<group>"; };
		B72530052D1AB8EF00B80F54 /* ContentView.swift */ = {isa = PBXFileReference; lastKnownFileType = sourcecode.swift; path = ContentView.swift; sourceTree = "<group>"; };
		B72530072D1AB8F200B80F54 /* Assets.xcassets */ = {isa = PBXFileReference; lastKnownFileType = folder.assetcatalog; path = Assets.xcassets; sourceTree = "<group>"; };
		B725300A2D1AB8F200B80F54 /* Preview Assets.xcassets */ = {isa = PBXFileReference; lastKnownFileType = folder.assetcatalog; path = "Preview Assets.xcassets"; sourceTree = "<group>"; };
		B725301A2D1ABDF600B80F54 /* Color.swift */ = {isa = PBXFileReference; lastKnownFileType = sourcecode.swift; path = Color.swift; sourceTree = "<group>"; };
		B725301C2D1ABF3700B80F54 /* HomeView.swift */ = {isa = PBXFileReference; lastKnownFileType = sourcecode.swift; path = HomeView.swift; sourceTree = "<group>"; };
		B725301E2D1AE64900B80F54 /* SearchBarView.swift */ = {isa = PBXFileReference; lastKnownFileType = sourcecode.swift; path = SearchBarView.swift; sourceTree = "<group>"; };
		B72530202D1B0AAC00B80F54 /* TabWidgetView.swift */ = {isa = PBXFileReference; lastKnownFileType = sourcecode.swift; path = TabWidgetView.swift; sourceTree = "<group>"; };
		B72530222D1B0D6400B80F54 /* CategoryCell.swift */ = {isa = PBXFileReference; lastKnownFileType = sourcecode.swift; path = CategoryCell.swift; sourceTree = "<group>"; };
		B72530242D1B1F1900B80F54 /* AccountScreen.swift */ = {isa = PBXFileReference; lastKnownFileType = sourcecode.swift; path = AccountScreen.swift; sourceTree = "<group>"; };
		B72530262D1B32E400B80F54 /* imageCarouselView.swift */ = {isa = PBXFileReference; lastKnownFileType = sourcecode.swift; path = imageCarouselView.swift; sourceTree = "<group>"; };
		B72530282D1B3D2100B80F54 /* restroMockJson.json */ = {isa = PBXFileReference; lastKnownFileType = text.json; path = restroMockJson.json; sourceTree = "<group>"; };
		B725302D2D1B4B9500B80F54 /* Restaurant.swift */ = {isa = PBXFileReference; lastKnownFileType = sourcecode.swift; path = Restaurant.swift; sourceTree = "<group>"; };
		B725302F2D1B4B9B00B80F54 /* Menu.swift */ = {isa = PBXFileReference; lastKnownFileType = sourcecode.swift; path = Menu.swift; sourceTree = "<group>"; };
		B72530312D1B509E00B80F54 /* HomeViewModel.swift */ = {isa = PBXFileReference; lastKnownFileType = sourcecode.swift; path = HomeViewModel.swift; sourceTree = "<group>"; };
		B72530332D1B666300B80F54 /* menuJson.json */ = {isa = PBXFileReference; lastKnownFileType = text.json; path = menuJson.json; sourceTree = "<group>"; };
		B72530352D1B77C900B80F54 /* RestaurantCellView.swift */ = {isa = PBXFileReference; lastKnownFileType = sourcecode.swift; path = RestaurantCellView.swift; sourceTree = "<group>"; };
		B72530372D1BE1B400B80F54 /* SkeletonRestaurantCellView.swift */ = {isa = PBXFileReference; lastKnownFileType = sourcecode.swift; path = SkeletonRestaurantCellView.swift; sourceTree = "<group>"; };
		B73BAB2E2D1BF09C00BEF879 /* RestaurantDetailView.swift */ = {isa = PBXFileReference; lastKnownFileType = sourcecode.swift; path = RestaurantDetailView.swift; sourceTree = "<group>"; };
		B73BAB302D1C2AD600BEF879 /* menuItemCell.swift */ = {isa = PBXFileReference; lastKnownFileType = sourcecode.swift; path = menuItemCell.swift; sourceTree = "<group>"; };
		B73BAB322D1C424B00BEF879 /* SkeletonCategoryCellView.swift */ = {isa = PBXFileReference; lastKnownFileType = sourcecode.swift; path = SkeletonCategoryCellView.swift; sourceTree = "<group>"; };
		B73BAB342D1C42E600BEF879 /* FoodCategoryCell.swift */ = {isa = PBXFileReference; lastKnownFileType = sourcecode.swift; path = FoodCategoryCell.swift; sourceTree = "<group>"; };
		B73BAB362D1C44A100BEF879 /* StickyModifier.swift */ = {isa = PBXFileReference; lastKnownFileType = sourcecode.swift; path = StickyModifier.swift; sourceTree = "<group>"; };
		B73BAB3C2D1C516F00BEF879 /* backButtonLabel.swift */ = {isa = PBXFileReference; lastKnownFileType = sourcecode.swift; path = backButtonLabel.swift; sourceTree = "<group>"; };
/* End PBXFileReference section */

/* Begin PBXFrameworksBuildPhase section */
		B7252FFD2D1AB8EF00B80F54 /* Frameworks */ = {
			isa = PBXFrameworksBuildPhase;
			buildActionMask = 2147483647;
			files = (
			);
			runOnlyForDeploymentPostprocessing = 0;
		};
/* End PBXFrameworksBuildPhase section */

/* Begin PBXGroup section */
		B7252FF72D1AB8EF00B80F54 = {
			isa = PBXGroup;
			children = (
				B72530022D1AB8EF00B80F54 /* SwiggyClone */,
				B72530012D1AB8EF00B80F54 /* Products */,
			);
			sourceTree = "<group>";
		};
		B72530012D1AB8EF00B80F54 /* Products */ = {
			isa = PBXGroup;
			children = (
				B72530002D1AB8EF00B80F54 /* SwiggyClone.app */,
			);
			name = Products;
			sourceTree = "<group>";
		};
		B72530022D1AB8EF00B80F54 /* SwiggyClone */ = {
			isa = PBXGroup;
			children = (
				B72530072D1AB8F200B80F54 /* Assets.xcassets */,
				B72530052D1AB8EF00B80F54 /* ContentView.swift */,
				B72530122D1ABD8000B80F54 /* Core */,
				B72530172D1ABDA800B80F54 /* Extensions */,
				B72530182D1ABDB400B80F54 /* Models */,
				B72530092D1AB8F200B80F54 /* Preview Content */,
				B72530192D1ABDBB00B80F54 /* Services */,
				B72530032D1AB8EF00B80F54 /* SwiggyCloneApp.swift */,
				B72530112D1ABD5800B80F54 /* Utils */,
			);
			path = SwiggyClone;
			sourceTree = "<group>";
		};
		B72530092D1AB8F200B80F54 /* Preview Content */ = {
			isa = PBXGroup;
			children = (
				B725300A2D1AB8F200B80F54 /* Preview Assets.xcassets */,
			);
			path = "Preview Content";
			sourceTree = "<group>";
		};
		B72530112D1ABD5800B80F54 /* Utils */ = {
			isa = PBXGroup;
			children = (
				B73BAB362D1C44A100BEF879 /* StickyModifier.swift */,
				B72530282D1B3D2100B80F54 /* restroMockJson.json */,
				B72530332D1B666300B80F54 /* menuJson.json */,
				B73BAB3C2D1C516F00BEF879 /* backButtonLabel.swift */,
			);
			path = Utils;
			sourceTree = "<group>";
		};
		B72530122D1ABD8000B80F54 /* Core */ = {
			isa = PBXGroup;
			children = (
				B72530142D1ABD8F00B80F54 /* Home */,
				B72530132D1ABD8600B80F54 /* Components */,
			);
			path = Core;
			sourceTree = "<group>";
		};
		B72530132D1ABD8600B80F54 /* Components */ = {
			isa = PBXGroup;
			children = (
				B72530262D1B32E400B80F54 /* imageCarouselView.swift */,
				B72530202D1B0AAC00B80F54 /* TabWidgetView.swift */,
				B73BAB382D1C4DB000BEF879 /* Cells */,
			);
			path = Components;
			sourceTree = "<group>";
		};
		B72530142D1ABD8F00B80F54 /* Home */ = {
			isa = PBXGroup;
			children = (
				B72530162D1ABD9C00B80F54 /* ViewModel */,
				B72530152D1ABD9600B80F54 /* Views */,
			);
			path = Home;
			sourceTree = "<group>";
		};
		B72530152D1ABD9600B80F54 /* Views */ = {
			isa = PBXGroup;
			children = (
				B725301C2D1ABF3700B80F54 /* HomeView.swift */,
				B725301E2D1AE64900B80F54 /* SearchBarView.swift */,
				B72530242D1B1F1900B80F54 /* AccountScreen.swift */,
				B73BAB2E2D1BF09C00BEF879 /* RestaurantDetailView.swift */,
			);
			path = Views;
			sourceTree = "<group>";
		};
		B72530162D1ABD9C00B80F54 /* ViewModel */ = {
			isa = PBXGroup;
			children = (
				B72530312D1B509E00B80F54 /* HomeViewModel.swift */,
			);
			path = ViewModel;
			sourceTree = "<group>";
		};
		B72530172D1ABDA800B80F54 /* Extensions */ = {
			isa = PBXGroup;
			children = (
				B725301A2D1ABDF600B80F54 /* Color.swift */,
			);
			path = Extensions;
			sourceTree = "<group>";
		};
		B72530182D1ABDB400B80F54 /* Models */ = {
			isa = PBXGroup;
			children = (
				B725302D2D1B4B9500B80F54 /* Restaurant.swift */,
				B725302F2D1B4B9B00B80F54 /* Menu.swift */,
			);
			path = Models;
			sourceTree = "<group>";
		};
		B72530192D1ABDBB00B80F54 /* Services */ = {
			isa = PBXGroup;
			children = (
			);
			path = Services;
			sourceTree = "<group>";
		};
		B73BAB382D1C4DB000BEF879 /* Cells */ = {
			isa = PBXGroup;
			children = (
				B72530222D1B0D6400B80F54 /* CategoryCell.swift */,
				B73BAB3B2D1C4E0700BEF879 /* MenuCell */,
				B73BAB3A2D1C4DEB00BEF879 /* FoodCategoryCell */,
				B73BAB392D1C4DD000BEF879 /* RestroCell */,
			);
			path = Cells;
			sourceTree = "<group>";
		};
		B73BAB392D1C4DD000BEF879 /* RestroCell */ = {
			isa = PBXGroup;
			children = (
				B72530372D1BE1B400B80F54 /* SkeletonRestaurantCellView.swift */,
				B72530352D1B77C900B80F54 /* RestaurantCellView.swift */,
			);
			path = RestroCell;
			sourceTree = "<group>";
		};
		B73BAB3A2D1C4DEB00BEF879 /* FoodCategoryCell */ = {
			isa = PBXGroup;
			children = (
				B73BAB322D1C424B00BEF879 /* SkeletonCategoryCellView.swift */,
				B73BAB342D1C42E600BEF879 /* FoodCategoryCell.swift */,
			);
			path = FoodCategoryCell;
			sourceTree = "<group>";
		};
		B73BAB3B2D1C4E0700BEF879 /* MenuCell */ = {
			isa = PBXGroup;
			children = (
				B73BAB302D1C2AD600BEF879 /* menuItemCell.swift */,
			);
			path = MenuCell;
			sourceTree = "<group>";
		};
/* End PBXGroup section */

/* Begin PBXNativeTarget section */
		B7252FFF2D1AB8EF00B80F54 /* SwiggyClone */ = {
			isa = PBXNativeTarget;
			buildConfigurationList = B725300E2D1AB8F200B80F54 /* Build configuration list for PBXNativeTarget "SwiggyClone" */;
			buildPhases = (
				B7252FFC2D1AB8EF00B80F54 /* Sources */,
				B7252FFD2D1AB8EF00B80F54 /* Frameworks */,
				B7252FFE2D1AB8EF00B80F54 /* Resources */,
			);
			buildRules = (
			);
			dependencies = (
			);
			name = SwiggyClone;
			productName = SwiggyClone;
			productReference = B72530002D1AB8EF00B80F54 /* SwiggyClone.app */;
			productType = "com.apple.product-type.application";
		};
/* End PBXNativeTarget section */

/* Begin PBXProject section */
		B7252FF82D1AB8EF00B80F54 /* Project object */ = {
			isa = PBXProject;
			attributes = {
				BuildIndependentTargetsInParallel = 1;
				LastSwiftUpdateCheck = 1540;
				LastUpgradeCheck = 1540;
				TargetAttributes = {
					B7252FFF2D1AB8EF00B80F54 = {
						CreatedOnToolsVersion = 15.4;
					};
				};
			};
			buildConfigurationList = B7252FFB2D1AB8EF00B80F54 /* Build configuration list for PBXProject "SwiggyClone" */;
			compatibilityVersion = "Xcode 14.0";
			developmentRegion = en;
			hasScannedForEncodings = 0;
			knownRegions = (
				en,
				Base,
			);
			mainGroup = B7252FF72D1AB8EF00B80F54;
			productRefGroup = B72530012D1AB8EF00B80F54 /* Products */;
			projectDirPath = "";
			projectRoot = "";
			targets = (
				B7252FFF2D1AB8EF00B80F54 /* SwiggyClone */,
			);
		};
/* End PBXProject section */

/* Begin PBXResourcesBuildPhase section */
		B7252FFE2D1AB8EF00B80F54 /* Resources */ = {
			isa = PBXResourcesBuildPhase;
			buildActionMask = 2147483647;
			files = (
				B72530342D1B666300B80F54 /* menuJson.json in Resources */,
				B725300B2D1AB8F200B80F54 /* Preview Assets.xcassets in Resources */,
				B72530292D1B3D2100B80F54 /* restroMockJson.json in Resources */,
				B72530082D1AB8F200B80F54 /* Assets.xcassets in Resources */,
			);
			runOnlyForDeploymentPostprocessing = 0;
		};
/* End PBXResourcesBuildPhase section */

/* Begin PBXSourcesBuildPhase section */
		B7252FFC2D1AB8EF00B80F54 /* Sources */ = {
			isa = PBXSourcesBuildPhase;
			buildActionMask = 2147483647;
			files = (
				B725302E2D1B4B9500B80F54 /* Restaurant.swift in Sources */,
				B73BAB372D1C44A100BEF879 /* StickyModifier.swift in Sources */,
				B73BAB312D1C2AD600BEF879 /* menuItemCell.swift in Sources */,
				B72530212D1B0AAC00B80F54 /* TabWidgetView.swift in Sources */,
				B73BAB352D1C42E600BEF879 /* FoodCategoryCell.swift in Sources */,
				B72530272D1B32E400B80F54 /* imageCarouselView.swift in Sources */,
				B73BAB332D1C424B00BEF879 /* SkeletonCategoryCellView.swift in Sources */,
				B72530362D1B77C900B80F54 /* RestaurantCellView.swift in Sources */,
				B725301F2D1AE64900B80F54 /* SearchBarView.swift in Sources */,
				B72530062D1AB8EF00B80F54 /* ContentView.swift in Sources */,
				B72530302D1B4B9B00B80F54 /* Menu.swift in Sources */,
				B72530252D1B1F1900B80F54 /* AccountScreen.swift in Sources */,
				B72530322D1B509E00B80F54 /* HomeViewModel.swift in Sources */,
				B72530232D1B0D6500B80F54 /* CategoryCell.swift in Sources */,
				B725301D2D1ABF3700B80F54 /* HomeView.swift in Sources */,
				B73BAB2F2D1BF09D00BEF879 /* RestaurantDetailView.swift in Sources */,
				B72530042D1AB8EF00B80F54 /* SwiggyCloneApp.swift in Sources */,
				B73BAB3D2D1C516F00BEF879 /* backButtonLabel.swift in Sources */,
				B72530382D1BE1B400B80F54 /* SkeletonRestaurantCellView.swift in Sources */,
				B725301B2D1ABDF600B80F54 /* Color.swift in Sources */,
			);
			runOnlyForDeploymentPostprocessing = 0;
		};
/* End PBXSourcesBuildPhase section */

/* Begin XCBuildConfiguration section */
		B725300C2D1AB8F200B80F54 /* Debug */ = {
			isa = XCBuildConfiguration;
			buildSettings = {
				ALWAYS_SEARCH_USER_PATHS = NO;
				ASSETCATALOG_COMPILER_GENERATE_SWIFT_ASSET_SYMBOL_EXTENSIONS = YES;
				CLANG_ANALYZER_NONNULL = YES;
				CLANG_ANALYZER_NUMBER_OBJECT_CONVERSION = YES_AGGRESSIVE;
				CLANG_CXX_LANGUAGE_STANDARD = "gnu++20";
				CLANG_ENABLE_MODULES = YES;
				CLANG_ENABLE_OBJC_ARC = YES;
				CLANG_ENABLE_OBJC_WEAK = YES;
				CLANG_WARN_BLOCK_CAPTURE_AUTORELEASING = YES;
				CLANG_WARN_BOOL_CONVERSION = YES;
				CLANG_WARN_COMMA = YES;
				CLANG_WARN_CONSTANT_CONVERSION = YES;
				CLANG_WARN_DEPRECATED_OBJC_IMPLEMENTATIONS = YES;
				CLANG_WARN_DIRECT_OBJC_ISA_USAGE = YES_ERROR;
				CLANG_WARN_DOCUMENTATION_COMMENTS = YES;
				CLANG_WARN_EMPTY_BODY = YES;
				CLANG_WARN_ENUM_CONVERSION = YES;
				CLANG_WARN_INFINITE_RECURSION = YES;
				CLANG_WARN_INT_CONVERSION = YES;
				CLANG_WARN_NON_LITERAL_NULL_CONVERSION = YES;
				CLANG_WARN_OBJC_IMPLICIT_RETAIN_SELF = YES;
				CLANG_WARN_OBJC_LITERAL_CONVERSION = YES;
				CLANG_WARN_OBJC_ROOT_CLASS = YES_ERROR;
				CLANG_WARN_QUOTED_INCLUDE_IN_FRAMEWORK_HEADER = YES;
				CLANG_WARN_RANGE_LOOP_ANALYSIS = YES;
				CLANG_WARN_STRICT_PROTOTYPES = YES;
				CLANG_WARN_SUSPICIOUS_MOVE = YES;
				CLANG_WARN_UNGUARDED_AVAILABILITY = YES_AGGRESSIVE;
				CLANG_WARN_UNREACHABLE_CODE = YES;
				CLANG_WARN__DUPLICATE_METHOD_MATCH = YES;
				COPY_PHASE_STRIP = NO;
				DEBUG_INFORMATION_FORMAT = dwarf;
				ENABLE_STRICT_OBJC_MSGSEND = YES;
				ENABLE_TESTABILITY = YES;
				ENABLE_USER_SCRIPT_SANDBOXING = YES;
				GCC_C_LANGUAGE_STANDARD = gnu17;
				GCC_DYNAMIC_NO_PIC = NO;
				GCC_NO_COMMON_BLOCKS = YES;
				GCC_OPTIMIZATION_LEVEL = 0;
				GCC_PREPROCESSOR_DEFINITIONS = (
					"DEBUG=1",
					"$(inherited)",
				);
				GCC_WARN_64_TO_32_BIT_CONVERSION = YES;
				GCC_WARN_ABOUT_RETURN_TYPE = YES_ERROR;
				GCC_WARN_UNDECLARED_SELECTOR = YES;
				GCC_WARN_UNINITIALIZED_AUTOS = YES_AGGRESSIVE;
				GCC_WARN_UNUSED_FUNCTION = YES;
				GCC_WARN_UNUSED_VARIABLE = YES;
				IPHONEOS_DEPLOYMENT_TARGET = 17.5;
				LOCALIZATION_PREFERS_STRING_CATALOGS = YES;
				MTL_ENABLE_DEBUG_INFO = INCLUDE_SOURCE;
				MTL_FAST_MATH = YES;
				ONLY_ACTIVE_ARCH = YES;
				SDKROOT = iphoneos;
				SWIFT_ACTIVE_COMPILATION_CONDITIONS = "DEBUG $(inherited)";
				SWIFT_OPTIMIZATION_LEVEL = "-Onone";
			};
			name = Debug;
		};
		B725300D2D1AB8F200B80F54 /* Release */ = {
			isa = XCBuildConfiguration;
			buildSettings = {
				ALWAYS_SEARCH_USER_PATHS = NO;
				ASSETCATALOG_COMPILER_GENERATE_SWIFT_ASSET_SYMBOL_EXTENSIONS = YES;
				CLANG_ANALYZER_NONNULL = YES;
				CLANG_ANALYZER_NUMBER_OBJECT_CONVERSION = YES_AGGRESSIVE;
				CLANG_CXX_LANGUAGE_STANDARD = "gnu++20";
				CLANG_ENABLE_MODULES = YES;
				CLANG_ENABLE_OBJC_ARC = YES;
				CLANG_ENABLE_OBJC_WEAK = YES;
				CLANG_WARN_BLOCK_CAPTURE_AUTORELEASING = YES;
				CLANG_WARN_BOOL_CONVERSION = YES;
				CLANG_WARN_COMMA = YES;
				CLANG_WARN_CONSTANT_CONVERSION = YES;
				CLANG_WARN_DEPRECATED_OBJC_IMPLEMENTATIONS = YES;
				CLANG_WARN_DIRECT_OBJC_ISA_USAGE = YES_ERROR;
				CLANG_WARN_DOCUMENTATION_COMMENTS = YES;
				CLANG_WARN_EMPTY_BODY = YES;
				CLANG_WARN_ENUM_CONVERSION = YES;
				CLANG_WARN_INFINITE_RECURSION = YES;
				CLANG_WARN_INT_CONVERSION = YES;
				CLANG_WARN_NON_LITERAL_NULL_CONVERSION = YES;
				CLANG_WARN_OBJC_IMPLICIT_RETAIN_SELF = YES;
				CLANG_WARN_OBJC_LITERAL_CONVERSION = YES;
				CLANG_WARN_OBJC_ROOT_CLASS = YES_ERROR;
				CLANG_WARN_QUOTED_INCLUDE_IN_FRAMEWORK_HEADER = YES;
				CLANG_WARN_RANGE_LOOP_ANALYSIS = YES;
				CLANG_WARN_STRICT_PROTOTYPES = YES;
				CLANG_WARN_SUSPICIOUS_MOVE = YES;
				CLANG_WARN_UNGUARDED_AVAILABILITY = YES_AGGRESSIVE;
				CLANG_WARN_UNREACHABLE_CODE = YES;
				CLANG_WARN__DUPLICATE_METHOD_MATCH = YES;
				COPY_PHASE_STRIP = NO;
				DEBUG_INFORMATION_FORMAT = "dwarf-with-dsym";
				ENABLE_NS_ASSERTIONS = NO;
				ENABLE_STRICT_OBJC_MSGSEND = YES;
				ENABLE_USER_SCRIPT_SANDBOXING = YES;
				GCC_C_LANGUAGE_STANDARD = gnu17;
				GCC_NO_COMMON_BLOCKS = YES;
				GCC_WARN_64_TO_32_BIT_CONVERSION = YES;
				GCC_WARN_ABOUT_RETURN_TYPE = YES_ERROR;
				GCC_WARN_UNDECLARED_SELECTOR = YES;
				GCC_WARN_UNINITIALIZED_AUTOS = YES_AGGRESSIVE;
				GCC_WARN_UNUSED_FUNCTION = YES;
				GCC_WARN_UNUSED_VARIABLE = YES;
				IPHONEOS_DEPLOYMENT_TARGET = 17.5;
				LOCALIZATION_PREFERS_STRING_CATALOGS = YES;
				MTL_ENABLE_DEBUG_INFO = NO;
				MTL_FAST_MATH = YES;
				SDKROOT = iphoneos;
				SWIFT_COMPILATION_MODE = wholemodule;
				VALIDATE_PRODUCT = YES;
			};
			name = Release;
		};
		B725300F2D1AB8F200B80F54 /* Debug */ = {
			isa = XCBuildConfiguration;
			buildSettings = {
				ASSETCATALOG_COMPILER_APPICON_NAME = AppIcon;
				ASSETCATALOG_COMPILER_GLOBAL_ACCENT_COLOR_NAME = AccentColor;
				CODE_SIGN_STYLE = Automatic;
				CURRENT_PROJECT_VERSION = 1;
				DEVELOPMENT_ASSET_PATHS = "\"SwiggyClone/Preview Content\"";
				DEVELOPMENT_TEAM = 7LTB7FS93L;
				ENABLE_PREVIEWS = YES;
				GENERATE_INFOPLIST_FILE = YES;
				INFOPLIST_KEY_UIApplicationSceneManifest_Generation = YES;
				INFOPLIST_KEY_UIApplicationSupportsIndirectInputEvents = YES;
				INFOPLIST_KEY_UILaunchScreen_Generation = YES;
				INFOPLIST_KEY_UISupportedInterfaceOrientations_iPad = "UIInterfaceOrientationPortrait UIInterfaceOrientationPortraitUpsideDown UIInterfaceOrientationLandscapeLeft UIInterfaceOrientationLandscapeRight";
				INFOPLIST_KEY_UISupportedInterfaceOrientations_iPhone = "UIInterfaceOrientationPortrait UIInterfaceOrientationLandscapeLeft UIInterfaceOrientationLandscapeRight";
				IPHONEOS_DEPLOYMENT_TARGET = 17.0;
				LD_RUNPATH_SEARCH_PATHS = (
					"$(inherited)",
					"@executable_path/Frameworks",
				);
				MARKETING_VERSION = 1.0;
				PRODUCT_BUNDLE_IDENTIFIER = com.rahulrai.SwiggyClone;
				PRODUCT_NAME = "$(TARGET_NAME)";
				SWIFT_EMIT_LOC_STRINGS = YES;
				SWIFT_VERSION = 5.0;
				TARGETED_DEVICE_FAMILY = "1,2";
			};
			name = Debug;
		};
		B72530102D1AB8F200B80F54 /* Release */ = {
			isa = XCBuildConfiguration;
			buildSettings = {
				ASSETCATALOG_COMPILER_APPICON_NAME = AppIcon;
				ASSETCATALOG_COMPILER_GLOBAL_ACCENT_COLOR_NAME = AccentColor;
				CODE_SIGN_STYLE = Automatic;
				CURRENT_PROJECT_VERSION = 1;
				DEVELOPMENT_ASSET_PATHS = "\"SwiggyClone/Preview Content\"";
				DEVELOPMENT_TEAM = 7LTB7FS93L;
				ENABLE_PREVIEWS = YES;
				GENERATE_INFOPLIST_FILE = YES;
				INFOPLIST_KEY_UIApplicationSceneManifest_Generation = YES;
				INFOPLIST_KEY_UIApplicationSupportsIndirectInputEvents = YES;
				INFOPLIST_KEY_UILaunchScreen_Generation = YES;
				INFOPLIST_KEY_UISupportedInterfaceOrientations_iPad = "UIInterfaceOrientationPortrait UIInterfaceOrientationPortraitUpsideDown UIInterfaceOrientationLandscapeLeft UIInterfaceOrientationLandscapeRight";
				INFOPLIST_KEY_UISupportedInterfaceOrientations_iPhone = "UIInterfaceOrientationPortrait UIInterfaceOrientationLandscapeLeft UIInterfaceOrientationLandscapeRight";
				IPHONEOS_DEPLOYMENT_TARGET = 17.0;
				LD_RUNPATH_SEARCH_PATHS = (
					"$(inherited)",
					"@executable_path/Frameworks",
				);
				MARKETING_VERSION = 1.0;
				PRODUCT_BUNDLE_IDENTIFIER = com.rahulrai.SwiggyClone;
				PRODUCT_NAME = "$(TARGET_NAME)";
				SWIFT_EMIT_LOC_STRINGS = YES;
				SWIFT_VERSION = 5.0;
				TARGETED_DEVICE_FAMILY = "1,2";
			};
			name = Release;
		};
/* End XCBuildConfiguration section */

/* Begin XCConfigurationList section */
		B7252FFB2D1AB8EF00B80F54 /* Build configuration list for PBXProject "SwiggyClone" */ = {
			isa = XCConfigurationList;
			buildConfigurations = (
				B725300C2D1AB8F200B80F54 /* Debug */,
				B725300D2D1AB8F200B80F54 /* Release */,
			);
			defaultConfigurationIsVisible = 0;
			defaultConfigurationName = Release;
		};
		B725300E2D1AB8F200B80F54 /* Build configuration list for PBXNativeTarget "SwiggyClone" */ = {
			isa = XCConfigurationList;
			buildConfigurations = (
				B725300F2D1AB8F200B80F54 /* Debug */,
				B72530102D1AB8F200B80F54 /* Release */,
			);
			defaultConfigurationIsVisible = 0;
			defaultConfigurationName = Release;
		};
/* End XCConfigurationList section */
	};
	rootObject = B7252FF82D1AB8EF00B80F54 /* Project object */;
}
